
Microsoft Visual Studio Solution File, Format Version 12.00
# Visual Studio Version 16
VisualStudioVersion = 16.0.29609.76
MinimumVisualStudioVersion = 10.0.40219.1
Project("{FAE04EC0-301F-11D3-BF4B-00C04F79EFBC}") = "database2", "database2\database2.csproj", "{EDA7B42B-D866-4FBD-9596-2E2ECE0D3BFF}"
EndProject
Global
	GlobalSection(SolutionConfigurationPlatforms) = preSolution
		Debug|Any CPU = Debug|Any CPU
		Release|Any CPU = Release|Any CPU
	EndGlobalSection
	GlobalSection(ProjectConfigurationPlatforms) = postSolution
		{EDA7B42B-D866-4FBD-9596-2E2ECE0D3BFF}.Debug|Any CPU.ActiveCfg = Debug|Any CPU
		{EDA7B42B-D866-4FBD-9596-2E2ECE0D3BFF}.Debug|Any CPU.Build.0 = Debug|Any CPU
		{EDA7B42B-D866-4FBD-9596-2E2ECE0D3BFF}.Release|Any CPU.ActiveCfg = Release|Any CPU
		{EDA7B42B-D866-4FBD-9596-2E2ECE0D3BFF}.Release|Any CPU.Build.0 = Release|Any CPU
	EndGlobalSection
	GlobalSection(SolutionProperties) = preSolution
		HideSolutionNode = FALSE
	EndGlobalSection
	GlobalSection(ExtensibilityGlobals) = postSolution
		SolutionGuid = {5DEE804D-77D9-4334-A2F9-1404A3DAFE28}
	EndGlobalSection
EndGlobal
